
Microsoft Visual Studio Solution File, Format Version 12.00
# Visual Studio Version 16
VisualStudioVersion = 16.0.31515.178
MinimumVisualStudioVersion = 10.0.40219.1
Project("{FAE04EC0-301F-11D3-BF4B-00C04F79EFBC}") = "toro.WebApi", "toro.WebApi\toro.WebApi.csproj", "{9ADC18EC-F879-4405-8DEA-58316A9E82B5}"
EndProject
Project("{FAE04EC0-301F-11D3-BF4B-00C04F79EFBC}") = "toro.Domain", "toro.Domain\toro.Domain.csproj", "{6EFB9B8D-353A-456F-8D4E-613A20639286}"
EndProject
Project("{FAE04EC0-301F-11D3-BF4B-00C04F79EFBC}") = "toro.Data", "toro.Data\toro.Data.csproj", "{27A39329-BB2F-4FA9-BC4C-A5F77E82C585}"
EndProject
Global
	GlobalSection(SolutionConfigurationPlatforms) = preSolution
		Debug|Any CPU = Debug|Any CPU
		Release|Any CPU = Release|Any CPU
	EndGlobalSection
	GlobalSection(ProjectConfigurationPlatforms) = postSolution
		{9ADC18EC-F879-4405-8DEA-58316A9E82B5}.Debug|Any CPU.ActiveCfg = Debug|Any CPU
		{9ADC18EC-F879-4405-8DEA-58316A9E82B5}.Debug|Any CPU.Build.0 = Debug|Any CPU
		{9ADC18EC-F879-4405-8DEA-58316A9E82B5}.Release|Any CPU.ActiveCfg = Release|Any CPU
		{9ADC18EC-F879-4405-8DEA-58316A9E82B5}.Release|Any CPU.Build.0 = Release|Any CPU
		{6EFB9B8D-353A-456F-8D4E-613A20639286}.Debug|Any CPU.ActiveCfg = Debug|Any CPU
		{6EFB9B8D-353A-456F-8D4E-613A20639286}.Debug|Any CPU.Build.0 = Debug|Any CPU
		{6EFB9B8D-353A-456F-8D4E-613A20639286}.Release|Any CPU.ActiveCfg = Release|Any CPU
		{6EFB9B8D-353A-456F-8D4E-613A20639286}.Release|Any CPU.Build.0 = Release|Any CPU
		{27A39329-BB2F-4FA9-BC4C-A5F77E82C585}.Debug|Any CPU.ActiveCfg = Debug|Any CPU
		{27A39329-BB2F-4FA9-BC4C-A5F77E82C585}.Debug|Any CPU.Build.0 = Debug|Any CPU
		{27A39329-BB2F-4FA9-BC4C-A5F77E82C585}.Release|Any CPU.ActiveCfg = Release|Any CPU
		{27A39329-BB2F-4FA9-BC4C-A5F77E82C585}.Release|Any CPU.Build.0 = Release|Any CPU
	EndGlobalSection
	GlobalSection(SolutionProperties) = preSolution
		HideSolutionNode = FALSE
	EndGlobalSection
	GlobalSection(ExtensibilityGlobals) = postSolution
		SolutionGuid = {7EEE42AE-4ED2-420D-962A-F2D2950AE66A}
	EndGlobalSection
EndGlobal
